
Microsoft Visual Studio Solution File, Format Version 12.00
# Visual Studio Version 17
VisualStudioVersion = 17.6.33829.357
MinimumVisualStudioVersion = 10.0.40219.1
Project("{FAE04EC0-301F-11D3-BF4B-00C04F79EFBC}") = "WpfBriscola", "WpfBriscola\WpfBriscola.csproj", "{51549234-AB36-4F6A-A840-6B40541EF3D6}"
EndProject
Global
	GlobalSection(SolutionConfigurationPlatforms) = preSolution
		Debug|Any CPU = Debug|Any CPU
		Release|Any CPU = Release|Any CPU
	EndGlobalSection
	GlobalSection(ProjectConfigurationPlatforms) = postSolution
		{51549234-AB36-4F6A-A840-6B40541EF3D6}.Debug|Any CPU.ActiveCfg = Debug|Any CPU
		{51549234-AB36-4F6A-A840-6B40541EF3D6}.Debug|Any CPU.Build.0 = Debug|Any CPU
		{51549234-AB36-4F6A-A840-6B40541EF3D6}.Release|Any CPU.ActiveCfg = Release|Any CPU
		{51549234-AB36-4F6A-A840-6B40541EF3D6}.Release|Any CPU.Build.0 = Release|Any CPU
	EndGlobalSection
	GlobalSection(SolutionProperties) = preSolution
		HideSolutionNode = FALSE
	EndGlobalSection
	GlobalSection(ExtensibilityGlobals) = postSolution
		SolutionGuid = {3D24531C-C64D-4EBF-BD90-C5856147EDF1}
	EndGlobalSection
EndGlobal
